
Microsoft Visual Studio Solution File, Format Version 12.00
# Visual Studio Version 17
VisualStudioVersion = 17.5.33502.453
MinimumVisualStudioVersion = 10.0.40219.1
Project("{FAE04EC0-301F-11D3-BF4B-00C04F79EFBC}") = "JapaneseCrossword", "JapaneseCrossword\JapaneseCrossword.csproj", "{8F1275A2-BC67-445B-BE8D-71D51688D729}"
EndProject
Global
	GlobalSection(SolutionConfigurationPlatforms) = preSolution
		Debug|Any CPU = Debug|Any CPU
		Release|Any CPU = Release|Any CPU
	EndGlobalSection
	GlobalSection(ProjectConfigurationPlatforms) = postSolution
		{8F1275A2-BC67-445B-BE8D-71D51688D729}.Debug|Any CPU.ActiveCfg = Debug|Any CPU
		{8F1275A2-BC67-445B-BE8D-71D51688D729}.Debug|Any CPU.Build.0 = Debug|Any CPU
		{8F1275A2-BC67-445B-BE8D-71D51688D729}.Release|Any CPU.ActiveCfg = Release|Any CPU
		{8F1275A2-BC67-445B-BE8D-71D51688D729}.Release|Any CPU.Build.0 = Release|Any CPU
	EndGlobalSection
	GlobalSection(SolutionProperties) = preSolution
		HideSolutionNode = FALSE
	EndGlobalSection
	GlobalSection(ExtensibilityGlobals) = postSolution
		SolutionGuid = {E001728B-C2C4-4758-9F5F-BA305788D4E1}
	EndGlobalSection
EndGlobal
